
Microsoft Visual Studio Solution File, Format Version 12.00
# Visual Studio Version 17
VisualStudioVersion = 17.3.32929.385
MinimumVisualStudioVersion = 10.0.40219.1
Project("{FAE04EC0-301F-11D3-BF4B-00C04F79EFBC}") = "ToDoList_DB", "ToDoList_DB.csproj", "{0CB2BF9C-7338-4428-9B6A-F21E7B58BD23}"
EndProject
Global
	GlobalSection(SolutionConfigurationPlatforms) = preSolution
		Debug|Any CPU = Debug|Any CPU
		Release|Any CPU = Release|Any CPU
	EndGlobalSection
	GlobalSection(ProjectConfigurationPlatforms) = postSolution
		{0CB2BF9C-7338-4428-9B6A-F21E7B58BD23}.Debug|Any CPU.ActiveCfg = Debug|Any CPU
		{0CB2BF9C-7338-4428-9B6A-F21E7B58BD23}.Debug|Any CPU.Build.0 = Debug|Any CPU
		{0CB2BF9C-7338-4428-9B6A-F21E7B58BD23}.Release|Any CPU.ActiveCfg = Release|Any CPU
		{0CB2BF9C-7338-4428-9B6A-F21E7B58BD23}.Release|Any CPU.Build.0 = Release|Any CPU
	EndGlobalSection
	GlobalSection(SolutionProperties) = preSolution
		HideSolutionNode = FALSE
	EndGlobalSection
	GlobalSection(ExtensibilityGlobals) = postSolution
		SolutionGuid = {D0BD7176-2AF9-4D7A-A0DF-DCC030DFB9CB}
	EndGlobalSection
EndGlobal
